github.com/dridani/PaperWorks v0.0.0-20250507091404-4347f2453c01 h1:MkuG38GKlpeN7GraWAzXMfYTjz2z8VqiKiRd9lYb1sE=
github.com/dridani/PaperWorks v0.0.0-20250507091404-4347f2453c01/go.mod h1:6cCucl+1TNk9G2RnwGR/+7ZD+M7gXCHnyWhQQkrRuew=
github.com/dridani/PaperWorks v0.0.0-20250510002716-85b2102584d4 h1:nMlR8StxuGqgJLxz3WOSwtTen+L7D4qtg2Wtp7JrwgY=
github.com/dridani/PaperWorks v0.0.0-20250510002716-85b2102584d4/go.mod h1:6cCucl+1TNk9G2RnwGR/+7ZD+M7gXCHnyWhQQkrRuew=
github.com/dridani/PaperWorks v0.0.0-20250521035426-d39ce380a4d2 h1:zR+D5vtHqiwjZ8pLJLmlbgN1AYxZAVr0/i8ytR5d/Tc=
github.com/dridani/PaperWorks v0.0.0-20250521035426-d39ce380a4d2/go.mod h1:6cCucl+1TNk9G2RnwGR/+7ZD+M7gXCHnyWhQQkrRuew=
